// !$*UTF8*$!
{
	archiveVersion = 1;
	classes = {
	};
	objectVersion = 56;
	objects = {

/* Begin PBXBuildFile section */
		7D0C290C2B47000E00E6777F /* OrderTypeGridView.swift in Sources */ = {isa = PBXBuildFile; fileRef = 7D0C290B2B47000D00E6777F /* OrderTypeGridView.swift */; };
		7D0C290F2B4708FB00E6777F /* OrderType.swift in Sources */ = {isa = PBXBuildFile; fileRef = 7D0C290E2B4708FB00E6777F /* OrderType.swift */; };
		7D0C29112B4709AD00E6777F /* DataSourceMock.swift in Sources */ = {isa = PBXBuildFile; fileRef = 7D0C29102B4709AD00E6777F /* DataSourceMock.swift */; };
		7D6373612B4E31EB00F43ED7 /* StoresItemView.swift in Sources */ = {isa = PBXBuildFile; fileRef = 7D6373602B4E31EB00F43ED7 /* StoresItemView.swift */; };
		7D6373632B4E344D00F43ED7 /* StoresContainerView.swift in Sources */ = {isa = PBXBuildFile; fileRef = 7D6373622B4E344D00F43ED7 /* StoresContainerView.swift */; };
		7D831A5A2B4CB1E300A58AEB /* OrderTypeView.swift in Sources */ = {isa = PBXBuildFile; fileRef = 7D831A592B4CB1E300A58AEB /* OrderTypeView.swift */; };
		7D8C98262B464FEB00788370 /* ChefDeliveryApp.swift in Sources */ = {isa = PBXBuildFile; fileRef = 7D8C98252B464FEB00788370 /* ChefDeliveryApp.swift */; };
		7D8C982A2B464FED00788370 /* Assets.xcassets in Resources */ = {isa = PBXBuildFile; fileRef = 7D8C98292B464FED00788370 /* Assets.xcassets */; };
		7D8C982D2B464FED00788370 /* Preview Assets.xcassets in Resources */ = {isa = PBXBuildFile; fileRef = 7D8C982C2B464FED00788370 /* Preview Assets.xcassets */; };
		7D8C98362B46536C00788370 /* Navigationbar.swift in Sources */ = {isa = PBXBuildFile; fileRef = 7D8C98352B46536C00788370 /* Navigationbar.swift */; };
		7DD270142B573557002DC0C0 /* StoresDetailsView.swift in Sources */ = {isa = PBXBuildFile; fileRef = 7DD270132B573557002DC0C0 /* StoresDetailsView.swift */; };
		7DD270162B57362C002DC0C0 /* ContentView.swift in Sources */ = {isa = PBXBuildFile; fileRef = 7DD270152B57362C002DC0C0 /* ContentView.swift */; };
		7DDB89862B4E1B36007C481D /* CarasouelItemView.swift in Sources */ = {isa = PBXBuildFile; fileRef = 7DDB89852B4E1B36007C481D /* CarasouelItemView.swift */; };
		7DDB89882B4E2241007C481D /* CarrouselTapView.swift in Sources */ = {isa = PBXBuildFile; fileRef = 7DDB89872B4E2241007C481D /* CarrouselTapView.swift */; };
/* End PBXBuildFile section */

/* Begin PBXFileReference section */
		7D0C290B2B47000D00E6777F /* OrderTypeGridView.swift */ = {isa = PBXFileReference; lastKnownFileType = sourcecode.swift; path = OrderTypeGridView.swift; sourceTree = "<group>"; };
		7D0C290E2B4708FB00E6777F /* OrderType.swift */ = {isa = PBXFileReference; lastKnownFileType = sourcecode.swift; path = OrderType.swift; sourceTree = "<group>"; };
		7D0C29102B4709AD00E6777F /* DataSourceMock.swift */ = {isa = PBXFileReference; lastKnownFileType = sourcecode.swift; path = DataSourceMock.swift; sourceTree = "<group>"; };
		7D6373602B4E31EB00F43ED7 /* StoresItemView.swift */ = {isa = PBXFileReference; lastKnownFileType = sourcecode.swift; path = StoresItemView.swift; sourceTree = "<group>"; };
		7D6373622B4E344D00F43ED7 /* StoresContainerView.swift */ = {isa = PBXFileReference; lastKnownFileType = sourcecode.swift; path = StoresContainerView.swift; sourceTree = "<group>"; };
		7D831A592B4CB1E300A58AEB /* OrderTypeView.swift */ = {isa = PBXFileReference; lastKnownFileType = sourcecode.swift; path = OrderTypeView.swift; sourceTree = "<group>"; };
		7D8C98222B464FEB00788370 /* ChefDelivery.app */ = {isa = PBXFileReference; explicitFileType = wrapper.application; includeInIndex = 0; path = ChefDelivery.app; sourceTree = BUILT_PRODUCTS_DIR; };
		7D8C98252B464FEB00788370 /* ChefDeliveryApp.swift */ = {isa = PBXFileReference; lastKnownFileType = sourcecode.swift; path = ChefDeliveryApp.swift; sourceTree = "<group>"; };
		7D8C98292B464FED00788370 /* Assets.xcassets */ = {isa = PBXFileReference; lastKnownFileType = folder.assetcatalog; path = Assets.xcassets; sourceTree = "<group>"; };
		7D8C982C2B464FED00788370 /* Preview Assets.xcassets */ = {isa = PBXFileReference; lastKnownFileType = folder.assetcatalog; path = "Preview Assets.xcassets"; sourceTree = "<group>"; };
		7D8C98352B46536C00788370 /* Navigationbar.swift */ = {isa = PBXFileReference; lastKnownFileType = sourcecode.swift; path = Navigationbar.swift; sourceTree = "<group>"; };
		7DD270132B573557002DC0C0 /* StoresDetailsView.swift */ = {isa = PBXFileReference; lastKnownFileType = sourcecode.swift; path = StoresDetailsView.swift; sourceTree = "<group>"; };
		7DD270152B57362C002DC0C0 /* ContentView.swift */ = {isa = PBXFileReference; lastKnownFileType = sourcecode.swift; path = ContentView.swift; sourceTree = "<group>"; };
		7DDB89852B4E1B36007C481D /* CarasouelItemView.swift */ = {isa = PBXFileReference; lastKnownFileType = sourcecode.swift; path = CarasouelItemView.swift; sourceTree = "<group>"; };
		7DDB89872B4E2241007C481D /* CarrouselTapView.swift */ = {isa = PBXFileReference; lastKnownFileType = sourcecode.swift; path = CarrouselTapView.swift; sourceTree = "<group>"; };
/* End PBXFileReference section */

/* Begin PBXFrameworksBuildPhase section */
		7D8C981F2B464FEB00788370 /* Frameworks */ = {
			isa = PBXFrameworksBuildPhase;
			buildActionMask = 2147483647;
			files = (
			);
			runOnlyForDeploymentPostprocessing = 0;
		};
/* End PBXFrameworksBuildPhase section */

/* Begin PBXGroup section */
		7D0C290A2B46FFE200E6777F /* GridView */ = {
			isa = PBXGroup;
			children = (
				7D0C290B2B47000D00E6777F /* OrderTypeGridView.swift */,
				7D831A592B4CB1E300A58AEB /* OrderTypeView.swift */,
			);
			path = GridView;
			sourceTree = "<group>";
		};
		7D0C290D2B4708C700E6777F /* Model */ = {
			isa = PBXGroup;
			children = (
				7D0C290E2B4708FB00E6777F /* OrderType.swift */,
				7D0C29102B4709AD00E6777F /* DataSourceMock.swift */,
			);
			path = Model;
			sourceTree = "<group>";
		};
		7D63735F2B4E31CB00F43ED7 /* StoresView */ = {
			isa = PBXGroup;
			children = (
				7D6373602B4E31EB00F43ED7 /* StoresItemView.swift */,
				7D6373622B4E344D00F43ED7 /* StoresContainerView.swift */,
				7DD270132B573557002DC0C0 /* StoresDetailsView.swift */,
			);
			path = StoresView;
			sourceTree = "<group>";
		};
		7D8C98192B464FEB00788370 = {
			isa = PBXGroup;
			children = (
				7D8C98242B464FEB00788370 /* ChefDelivery */,
				7D8C98232B464FEB00788370 /* Products */,
			);
			sourceTree = "<group>";
		};
		7D8C98232B464FEB00788370 /* Products */ = {
			isa = PBXGroup;
			children = (
				7D8C98222B464FEB00788370 /* ChefDelivery.app */,
			);
			name = Products;
			sourceTree = "<group>";
		};
		7D8C98242B464FEB00788370 /* ChefDelivery */ = {
			isa = PBXGroup;
			children = (
				7D63735F2B4E31CB00F43ED7 /* StoresView */,
				7DDB89842B4E1AEF007C481D /* CarouselView */,
				7D0C290A2B46FFE200E6777F /* GridView */,
				7D0C290D2B4708C700E6777F /* Model */,
				7D8C98342B46533000788370 /* App */,
				7D8C98332B46531700788370 /* NavigationBar */,
				7D8C98292B464FED00788370 /* Assets.xcassets */,
				7D8C982B2B464FED00788370 /* Preview Content */,
			);
			path = ChefDelivery;
			sourceTree = "<group>";
		};
		7D8C982B2B464FED00788370 /* Preview Content */ = {
			isa = PBXGroup;
			children = (
				7D8C982C2B464FED00788370 /* Preview Assets.xcassets */,
			);
			path = "Preview Content";
			sourceTree = "<group>";
		};
		7D8C98332B46531700788370 /* NavigationBar */ = {
			isa = PBXGroup;
			children = (
				7D8C98352B46536C00788370 /* Navigationbar.swift */,
			);
			path = NavigationBar;
			sourceTree = "<group>";
		};
		7D8C98342B46533000788370 /* App */ = {
			isa = PBXGroup;
			children = (
				7D8C98252B464FEB00788370 /* ChefDeliveryApp.swift */,
				7DD270152B57362C002DC0C0 /* ContentView.swift */,
			);
			path = App;
			sourceTree = "<group>";
		};
		7DDB89842B4E1AEF007C481D /* CarouselView */ = {
			isa = PBXGroup;
			children = (
				7DDB89852B4E1B36007C481D /* CarasouelItemView.swift */,
				7DDB89872B4E2241007C481D /* CarrouselTapView.swift */,
			);
			path = CarouselView;
			sourceTree = "<group>";
		};
/* End PBXGroup section */

/* Begin PBXNativeTarget section */
		7D8C98212B464FEB00788370 /* ChefDelivery */ = {
			isa = PBXNativeTarget;
			buildConfigurationList = 7D8C98302B464FED00788370 /* Build configuration list for PBXNativeTarget "ChefDelivery" */;
			buildPhases = (
				7D8C981E2B464FEB00788370 /* Sources */,
				7D8C981F2B464FEB00788370 /* Frameworks */,
				7D8C98202B464FEB00788370 /* Resources */,
			);
			buildRules = (
			);
			dependencies = (
			);
			name = ChefDelivery;
			productName = ChefDelivery;
			productReference = 7D8C98222B464FEB00788370 /* ChefDelivery.app */;
			productType = "com.apple.product-type.application";
		};
/* End PBXNativeTarget section */

/* Begin PBXProject section */
		7D8C981A2B464FEB00788370 /* Project object */ = {
			isa = PBXProject;
			attributes = {
				BuildIndependentTargetsInParallel = 1;
				LastSwiftUpdateCheck = 1500;
				LastUpgradeCheck = 1500;
				TargetAttributes = {
					7D8C98212B464FEB00788370 = {
						CreatedOnToolsVersion = 15.0.1;
					};
				};
			};
			buildConfigurationList = 7D8C981D2B464FEB00788370 /* Build configuration list for PBXProject "ChefDelivery" */;
			compatibilityVersion = "Xcode 14.0";
			developmentRegion = en;
			hasScannedForEncodings = 0;
			knownRegions = (
				en,
				Base,
			);
			mainGroup = 7D8C98192B464FEB00788370;
			productRefGroup = 7D8C98232B464FEB00788370 /* Products */;
			projectDirPath = "";
			projectRoot = "";
			targets = (
				7D8C98212B464FEB00788370 /* ChefDelivery */,
			);
		};
/* End PBXProject section */

/* Begin PBXResourcesBuildPhase section */
		7D8C98202B464FEB00788370 /* Resources */ = {
			isa = PBXResourcesBuildPhase;
			buildActionMask = 2147483647;
			files = (
				7D8C982D2B464FED00788370 /* Preview Assets.xcassets in Resources */,
				7D8C982A2B464FED00788370 /* Assets.xcassets in Resources */,
			);
			runOnlyForDeploymentPostprocessing = 0;
		};
/* End PBXResourcesBuildPhase section */

/* Begin PBXSourcesBuildPhase section */
		7D8C981E2B464FEB00788370 /* Sources */ = {
			isa = PBXSourcesBuildPhase;
			buildActionMask = 2147483647;
			files = (
				7DDB89882B4E2241007C481D /* CarrouselTapView.swift in Sources */,
				7D0C290F2B4708FB00E6777F /* OrderType.swift in Sources */,
				7DD270162B57362C002DC0C0 /* ContentView.swift in Sources */,
				7D0C29112B4709AD00E6777F /* DataSourceMock.swift in Sources */,
				7D6373632B4E344D00F43ED7 /* StoresContainerView.swift in Sources */,
				7DDB89862B4E1B36007C481D /* CarasouelItemView.swift in Sources */,
				7D6373612B4E31EB00F43ED7 /* StoresItemView.swift in Sources */,
				7D831A5A2B4CB1E300A58AEB /* OrderTypeView.swift in Sources */,
				7D0C290C2B47000E00E6777F /* OrderTypeGridView.swift in Sources */,
				7D8C98262B464FEB00788370 /* ChefDeliveryApp.swift in Sources */,
				7D8C98362B46536C00788370 /* Navigationbar.swift in Sources */,
				7DD270142B573557002DC0C0 /* StoresDetailsView.swift in Sources */,
			);
			runOnlyForDeploymentPostprocessing = 0;
		};
/* End PBXSourcesBuildPhase section */

/* Begin XCBuildConfiguration section */
		7D8C982E2B464FED00788370 /* Debug */ = {
			isa = XCBuildConfiguration;
			buildSettings = {
				ALWAYS_SEARCH_USER_PATHS = NO;
				ASSETCATALOG_COMPILER_GENERATE_SWIFT_ASSET_SYMBOL_EXTENSIONS = YES;
				CLANG_ANALYZER_NONNULL = YES;
				CLANG_ANALYZER_NUMBER_OBJECT_CONVERSION = YES_AGGRESSIVE;
				CLANG_CXX_LANGUAGE_STANDARD = "gnu++20";
				CLANG_ENABLE_MODULES = YES;
				CLANG_ENABLE_OBJC_ARC = YES;
				CLANG_ENABLE_OBJC_WEAK = YES;
				CLANG_WARN_BLOCK_CAPTURE_AUTORELEASING = YES;
				CLANG_WARN_BOOL_CONVERSION = YES;
				CLANG_WARN_COMMA = YES;
				CLANG_WARN_CONSTANT_CONVERSION = YES;
				CLANG_WARN_DEPRECATED_OBJC_IMPLEMENTATIONS = YES;
				CLANG_WARN_DIRECT_OBJC_ISA_USAGE = YES_ERROR;
				CLANG_WARN_DOCUMENTATION_COMMENTS = YES;
				CLANG_WARN_EMPTY_BODY = YES;
				CLANG_WARN_ENUM_CONVERSION = YES;
				CLANG_WARN_INFINITE_RECURSION = YES;
				CLANG_WARN_INT_CONVERSION = YES;
				CLANG_WARN_NON_LITERAL_NULL_CONVERSION = YES;
				CLANG_WARN_OBJC_IMPLICIT_RETAIN_SELF = YES;
				CLANG_WARN_OBJC_LITERAL_CONVERSION = YES;
				CLANG_WARN_OBJC_ROOT_CLASS = YES_ERROR;
				CLANG_WARN_QUOTED_INCLUDE_IN_FRAMEWORK_HEADER = YES;
				CLANG_WARN_RANGE_LOOP_ANALYSIS = YES;
				CLANG_WARN_STRICT_PROTOTYPES = YES;
				CLANG_WARN_SUSPICIOUS_MOVE = YES;
				CLANG_WARN_UNGUARDED_AVAILABILITY = YES_AGGRESSIVE;
				CLANG_WARN_UNREACHABLE_CODE = YES;
				CLANG_WARN__DUPLICATE_METHOD_MATCH = YES;
				COPY_PHASE_STRIP = NO;
				DEBUG_INFORMATION_FORMAT = dwarf;
				ENABLE_STRICT_OBJC_MSGSEND = YES;
				ENABLE_TESTABILITY = YES;
				ENABLE_USER_SCRIPT_SANDBOXING = YES;
				GCC_C_LANGUAGE_STANDARD = gnu17;
				GCC_DYNAMIC_NO_PIC = NO;
				GCC_NO_COMMON_BLOCKS = YES;
				GCC_OPTIMIZATION_LEVEL = 0;
				GCC_PREPROCESSOR_DEFINITIONS = (
					"DEBUG=1",
					"$(inherited)",
				);
				GCC_WARN_64_TO_32_BIT_CONVERSION = YES;
				GCC_WARN_ABOUT_RETURN_TYPE = YES_ERROR;
				GCC_WARN_UNDECLARED_SELECTOR = YES;
				GCC_WARN_UNINITIALIZED_AUTOS = YES_AGGRESSIVE;
				GCC_WARN_UNUSED_FUNCTION = YES;
				GCC_WARN_UNUSED_VARIABLE = YES;
				IPHONEOS_DEPLOYMENT_TARGET = 17.0;
				LOCALIZATION_PREFERS_STRING_CATALOGS = YES;
				MTL_ENABLE_DEBUG_INFO = INCLUDE_SOURCE;
				MTL_FAST_MATH = YES;
				ONLY_ACTIVE_ARCH = YES;
				SDKROOT = iphoneos;
				SWIFT_ACTIVE_COMPILATION_CONDITIONS = "DEBUG $(inherited)";
				SWIFT_OPTIMIZATION_LEVEL = "-Onone";
			};
			name = Debug;
		};
		7D8C982F2B464FED00788370 /* Release */ = {
			isa = XCBuildConfiguration;
			buildSettings = {
				ALWAYS_SEARCH_USER_PATHS = NO;
				ASSETCATALOG_COMPILER_GENERATE_SWIFT_ASSET_SYMBOL_EXTENSIONS = YES;
				CLANG_ANALYZER_NONNULL = YES;
				CLANG_ANALYZER_NUMBER_OBJECT_CONVERSION = YES_AGGRESSIVE;
				CLANG_CXX_LANGUAGE_STANDARD = "gnu++20";
				CLANG_ENABLE_MODULES = YES;
				CLANG_ENABLE_OBJC_ARC = YES;
				CLANG_ENABLE_OBJC_WEAK = YES;
				CLANG_WARN_BLOCK_CAPTURE_AUTORELEASING = YES;
				CLANG_WARN_BOOL_CONVERSION = YES;
				CLANG_WARN_COMMA = YES;
				CLANG_WARN_CONSTANT_CONVERSION = YES;
				CLANG_WARN_DEPRECATED_OBJC_IMPLEMENTATIONS = YES;
				CLANG_WARN_DIRECT_OBJC_ISA_USAGE = YES_ERROR;
				CLANG_WARN_DOCUMENTATION_COMMENTS = YES;
				CLANG_WARN_EMPTY_BODY = YES;
				CLANG_WARN_ENUM_CONVERSION = YES;
				CLANG_WARN_INFINITE_RECURSION = YES;
				CLANG_WARN_INT_CONVERSION = YES;
				CLANG_WARN_NON_LITERAL_NULL_CONVERSION = YES;
				CLANG_WARN_OBJC_IMPLICIT_RETAIN_SELF = YES;
				CLANG_WARN_OBJC_LITERAL_CONVERSION = YES;
				CLANG_WARN_OBJC_ROOT_CLASS = YES_ERROR;
				CLANG_WARN_QUOTED_INCLUDE_IN_FRAMEWORK_HEADER = YES;
				CLANG_WARN_RANGE_LOOP_ANALYSIS = YES;
				CLANG_WARN_STRICT_PROTOTYPES = YES;
				CLANG_WARN_SUSPICIOUS_MOVE = YES;
				CLANG_WARN_UNGUARDED_AVAILABILITY = YES_AGGRESSIVE;
				CLANG_WARN_UNREACHABLE_CODE = YES;
				CLANG_WARN__DUPLICATE_METHOD_MATCH = YES;
				COPY_PHASE_STRIP = NO;
				DEBUG_INFORMATION_FORMAT = "dwarf-with-dsym";
				ENABLE_NS_ASSERTIONS = NO;
				ENABLE_STRICT_OBJC_MSGSEND = YES;
				ENABLE_USER_SCRIPT_SANDBOXING = YES;
				GCC_C_LANGUAGE_STANDARD = gnu17;
				GCC_NO_COMMON_BLOCKS = YES;
				GCC_WARN_64_TO_32_BIT_CONVERSION = YES;
				GCC_WARN_ABOUT_RETURN_TYPE = YES_ERROR;
				GCC_WARN_UNDECLARED_SELECTOR = YES;
				GCC_WARN_UNINITIALIZED_AUTOS = YES_AGGRESSIVE;
				GCC_WARN_UNUSED_FUNCTION = YES;
				GCC_WARN_UNUSED_VARIABLE = YES;
				IPHONEOS_DEPLOYMENT_TARGET = 17.0;
				LOCALIZATION_PREFERS_STRING_CATALOGS = YES;
				MTL_ENABLE_DEBUG_INFO = NO;
				MTL_FAST_MATH = YES;
				SDKROOT = iphoneos;
				SWIFT_COMPILATION_MODE = wholemodule;
				VALIDATE_PRODUCT = YES;
			};
			name = Release;
		};
		7D8C98312B464FED00788370 /* Debug */ = {
			isa = XCBuildConfiguration;
			buildSettings = {
				ASSETCATALOG_COMPILER_APPICON_NAME = AppIcon;
				ASSETCATALOG_COMPILER_GLOBAL_ACCENT_COLOR_NAME = AccentColor;
				CODE_SIGN_STYLE = Automatic;
				CURRENT_PROJECT_VERSION = 1;
				DEVELOPMENT_ASSET_PATHS = "\"ChefDelivery/Preview Content\"";
				DEVELOPMENT_TEAM = ZNWWZZP9W9;
				ENABLE_PREVIEWS = YES;
				GENERATE_INFOPLIST_FILE = YES;
				INFOPLIST_KEY_UIApplicationSceneManifest_Generation = YES;
				INFOPLIST_KEY_UIApplicationSupportsIndirectInputEvents = YES;
				INFOPLIST_KEY_UILaunchScreen_Generation = YES;
				INFOPLIST_KEY_UISupportedInterfaceOrientations_iPad = "UIInterfaceOrientationPortrait UIInterfaceOrientationPortraitUpsideDown UIInterfaceOrientationLandscapeLeft UIInterfaceOrientationLandscapeRight";
				INFOPLIST_KEY_UISupportedInterfaceOrientations_iPhone = "UIInterfaceOrientationPortrait UIInterfaceOrientationLandscapeLeft UIInterfaceOrientationLandscapeRight";
				LD_RUNPATH_SEARCH_PATHS = (
					"$(inherited)",
					"@executable_path/Frameworks",
				);
				MARKETING_VERSION = 1.0;
				PRODUCT_BUNDLE_IDENTIFIER = com.juancarlos.chefDelivery.ChefDelivery;
				PRODUCT_NAME = "$(TARGET_NAME)";
				SWIFT_EMIT_LOC_STRINGS = YES;
				SWIFT_VERSION = 5.0;
				TARGETED_DEVICE_FAMILY = "1,2";
			};
			name = Debug;
		};
		7D8C98322B464FED00788370 /* Release */ = {
			isa = XCBuildConfiguration;
			buildSettings = {
				ASSETCATALOG_COMPILER_APPICON_NAME = AppIcon;
				ASSETCATALOG_COMPILER_GLOBAL_ACCENT_COLOR_NAME = AccentColor;
				CODE_SIGN_STYLE = Automatic;
				CURRENT_PROJECT_VERSION = 1;
				DEVELOPMENT_ASSET_PATHS = "\"ChefDelivery/Preview Content\"";
				DEVELOPMENT_TEAM = ZNWWZZP9W9;
				ENABLE_PREVIEWS = YES;
				GENERATE_INFOPLIST_FILE = YES;
				INFOPLIST_KEY_UIApplicationSceneManifest_Generation = YES;
				INFOPLIST_KEY_UIApplicationSupportsIndirectInputEvents = YES;
				INFOPLIST_KEY_UILaunchScreen_Generation = YES;
				INFOPLIST_KEY_UISupportedInterfaceOrientations_iPad = "UIInterfaceOrientationPortrait UIInterfaceOrientationPortraitUpsideDown UIInterfaceOrientationLandscapeLeft UIInterfaceOrientationLandscapeRight";
				INFOPLIST_KEY_UISupportedInterfaceOrientations_iPhone = "UIInterfaceOrientationPortrait UIInterfaceOrientationLandscapeLeft UIInterfaceOrientationLandscapeRight";
				LD_RUNPATH_SEARCH_PATHS = (
					"$(inherited)",
					"@executable_path/Frameworks",
				);
				MARKETING_VERSION = 1.0;
				PRODUCT_BUNDLE_IDENTIFIER = com.juancarlos.chefDelivery.ChefDelivery;
				PRODUCT_NAME = "$(TARGET_NAME)";
				SWIFT_EMIT_LOC_STRINGS = YES;
				SWIFT_VERSION = 5.0;
				TARGETED_DEVICE_FAMILY = "1,2";
			};
			name = Release;
		};
/* End XCBuildConfiguration section */

/* Begin XCConfigurationList section */
		7D8C981D2B464FEB00788370 /* Build configuration list for PBXProject "ChefDelivery" */ = {
			isa = XCConfigurationList;
			buildConfigurations = (
				7D8C982E2B464FED00788370 /* Debug */,
				7D8C982F2B464FED00788370 /* Release */,
			);
			defaultConfigurationIsVisible = 0;
			defaultConfigurationName = Release;
		};
		7D8C98302B464FED00788370 /* Build configuration list for PBXNativeTarget "ChefDelivery" */ = {
			isa = XCConfigurationList;
			buildConfigurations = (
				7D8C98312B464FED00788370 /* Debug */,
				7D8C98322B464FED00788370 /* Release */,
			);
			defaultConfigurationIsVisible = 0;
			defaultConfigurationName = Release;
		};
/* End XCConfigurationList section */
	};
	rootObject = 7D8C981A2B464FEB00788370 /* Project object */;
}
